
# This file is automatically @generated by Cargo.
# It is not intended for manual editing.
version = 3

[[package]]
name = "actix"
version = "0.10.0"
source = "registry+https://github.com/rust-lang/crates.io-index"
checksum = "1be241f88f3b1e7e9a3fbe3b5a8a0f6915b5a1d7ee0d9a248d3376d01068cc60"
dependencies = [
 "actix-rt",
 "actix_derive",
 "bitflags",
 "bytes 0.5.6",
 "crossbeam-channel",
 "derive_more",
 "futures-channel",
 "futures-util",
 "log",
 "once_cell",
 "parking_lot",
 "pin-project 0.4.28",
 "smallvec",
 "tokio",
 "tokio-util",
 "trust-dns-proto",
 "trust-dns-resolver",
]

[[package]]
name = "actix-codec"
version = "0.3.0"
source = "registry+https://github.com/rust-lang/crates.io-index"
checksum = "78d1833b3838dbe990df0f1f87baf640cf6146e898166afe401839d1b001e570"
dependencies = [
 "bitflags",
 "bytes 0.5.6",
 "futures-core",
 "futures-sink",
 "log",
 "pin-project 0.4.28",
 "tokio",
 "tokio-util",
]

[[package]]
name = "actix-connect"
version = "2.0.0"
source = "registry+https://github.com/rust-lang/crates.io-index"
checksum = "177837a10863f15ba8d3ae3ec12fac1099099529ed20083a27fdfe247381d0dc"
dependencies = [
 "actix-codec",
 "actix-rt",
 "actix-service",
 "actix-utils",
 "derive_more",
 "either",
 "futures-util",
 "http",
 "log",
 "trust-dns-proto",
 "trust-dns-resolver",
]

[[package]]
name = "actix-http"
version = "2.2.1"
source = "registry+https://github.com/rust-lang/crates.io-index"
checksum = "5cb8958da437716f3f31b0e76f8daf36554128517d7df37ceba7df00f09622ee"
dependencies = [
 "actix-codec",
 "actix-connect",
 "actix-rt",
 "actix-service",
 "actix-threadpool",
 "actix-utils",
 "base64",
 "bitflags",
 "brotli2",
 "bytes 0.5.6",
 "cookie",
 "copyless",
 "derive_more",
 "either",
 "encoding_rs",
 "flate2",
 "futures-channel",
 "futures-core",
 "futures-util",
 "fxhash",
 "h2",
 "http",
 "httparse",
 "indexmap",
 "itoa",
 "language-tags",
 "lazy_static",
 "log",
 "mime",
 "percent-encoding",
 "pin-project 1.0.8",
 "rand",
 "regex",
 "serde",
 "serde_json",
 "serde_urlencoded",
 "sha-1",
 "slab",
 "time",
]

[[package]]
name = "actix-macros"
version = "0.1.3"
source = "registry+https://github.com/rust-lang/crates.io-index"
checksum = "b4ca8ce00b267af8ccebbd647de0d61e0674b6e61185cc7a592ff88772bed655"
dependencies = [
 "quote",
 "syn",
]

[[package]]
name = "actix-router"
version = "0.2.7"
source = "registry+https://github.com/rust-lang/crates.io-index"
checksum = "2ad299af73649e1fc893e333ccf86f377751eb95ff875d095131574c6f43452c"
dependencies = [
 "bytestring",
 "http",
 "log",
 "regex",
 "serde",
]

[[package]]
name = "actix-rt"
version = "1.1.1"
source = "registry+https://github.com/rust-lang/crates.io-index"
checksum = "143fcc2912e0d1de2bcf4e2f720d2a60c28652ab4179685a1ee159e0fb3db227"
dependencies = [
 "actix-macros",
 "actix-threadpool",
 "copyless",
 "futures-channel",
 "futures-util",
 "smallvec",
 "tokio",
]

[[package]]
name = "actix-server"
version = "1.0.4"
source = "registry+https://github.com/rust-lang/crates.io-index"
checksum = "45407e6e672ca24784baa667c5d32ef109ccdd8d5e0b5ebb9ef8a67f4dfb708e"
dependencies = [
 "actix-codec",
 "actix-rt",
 "actix-service",
 "actix-utils",
 "futures-channel",
 "futures-util",
 "log",
 "mio",
 "mio-uds",
 "num_cpus",
 "slab",
 "socket2",
]

[[package]]
name = "actix-service"
version = "1.0.6"
source = "registry+https://github.com/rust-lang/crates.io-index"
checksum = "0052435d581b5be835d11f4eb3bce417c8af18d87ddf8ace99f8e67e595882bb"
dependencies = [
 "futures-util",
 "pin-project 0.4.28",
]

[[package]]
name = "actix-testing"
version = "1.0.1"
source = "registry+https://github.com/rust-lang/crates.io-index"
checksum = "47239ca38799ab74ee6a8a94d1ce857014b2ac36f242f70f3f75a66f691e791c"
dependencies = [
 "actix-macros",
 "actix-rt",
 "actix-server",
 "actix-service",
 "log",
 "socket2",
]

[[package]]
name = "actix-threadpool"
version = "0.3.3"
source = "registry+https://github.com/rust-lang/crates.io-index"
checksum = "d209f04d002854b9afd3743032a27b066158817965bf5d036824d19ac2cc0e30"
dependencies = [
 "derive_more",
 "futures-channel",
 "lazy_static",
 "log",
 "num_cpus",
 "parking_lot",
 "threadpool",
]

[[package]]
name = "actix-tls"
version = "2.0.0"
source = "registry+https://github.com/rust-lang/crates.io-index"
checksum = "24789b7d7361cf5503a504ebe1c10806896f61e96eca9a7350e23001aca715fb"
dependencies = [
 "actix-codec",
 "actix-service",
 "actix-utils",
 "futures-util",
]

[[package]]
name = "actix-utils"
version = "2.0.0"
source = "registry+https://github.com/rust-lang/crates.io-index"
checksum = "2e9022dec56632d1d7979e59af14f0597a28a830a9c1c7fec8b2327eb9f16b5a"
dependencies = [
 "actix-codec",
 "actix-rt",
 "actix-service",
 "bitflags",
 "bytes 0.5.6",
 "either",
 "futures-channel",
 "futures-sink",
 "futures-util",
 "log",
 "pin-project 0.4.28",
 "slab",
]

[[package]]
name = "actix-web"
version = "3.3.2"
source = "registry+https://github.com/rust-lang/crates.io-index"
checksum = "e641d4a172e7faa0862241a20ff4f1f5ab0ab7c279f00c2d4587b77483477b86"
dependencies = [
 "actix-codec",
 "actix-http",
 "actix-macros",
 "actix-router",
 "actix-rt",
 "actix-server",