
# This file is automatically @generated by Cargo.
# It is not intended for manual editing.
version = 3

[[package]]
name = "actix"
version = "0.10.0"
source = "registry+https://github.com/rust-lang/crates.io-index"
checksum = "1be241f88f3b1e7e9a3fbe3b5a8a0f6915b5a1d7ee0d9a248d3376d01068cc60"
dependencies = [
 "actix-rt",
 "actix_derive",
 "bitflags",
 "bytes 0.5.6",
 "crossbeam-channel",
 "derive_more",
 "futures-channel",
 "futures-util",
 "log",
 "once_cell",
 "parking_lot",
 "pin-project 0.4.28",
 "smallvec",
 "tokio",
 "tokio-util",
 "trust-dns-proto",
 "trust-dns-resolver",
]

[[package]]
name = "actix-codec"
version = "0.3.0"
source = "registry+https://github.com/rust-lang/crates.io-index"
checksum = "78d1833b3838dbe990df0f1f87baf640cf6146e898166afe401839d1b001e570"
dependencies = [
 "bitflags",
 "bytes 0.5.6",
 "futures-core",
 "futures-sink",
 "log",
 "pin-project 0.4.28",
 "tokio",
 "tokio-util",
]

[[package]]
name = "actix-connect"
version = "2.0.0"
source = "registry+https://github.com/rust-lang/crates.io-index"
checksum = "177837a10863f15ba8d3ae3ec12fac1099099529ed20083a27fdfe247381d0dc"
dependencies = [
 "actix-codec",
 "actix-rt",
 "actix-service",
 "actix-utils",
 "derive_more",
 "either",
 "futures-util",
 "http",
 "log",
 "trust-dns-proto",
 "trust-dns-resolver",
]

[[package]]
name = "actix-http"
version = "2.2.1"
source = "registry+https://github.com/rust-lang/crates.io-index"
checksum = "5cb8958da437716f3f31b0e76f8daf36554128517d7df37ceba7df00f09622ee"
dependencies = [
 "actix-codec",
 "actix-connect",
 "actix-rt",
 "actix-service",
 "actix-threadpool",
 "actix-utils",
 "base64",
 "bitflags",
 "brotli2",
 "bytes 0.5.6",
 "cookie",
 "copyless",
 "derive_more",
 "either",
 "encoding_rs",
 "flate2",
 "futures-channel",
 "futures-core",
 "futures-util",
 "fxhash",
 "h2",
 "http",
 "httparse",
 "indexmap",
 "itoa",